
Microsoft Visual Studio Solution File, Format Version 12.00
# Visual Studio 15
VisualStudioVersion = 15.0.27703.2026
MinimumVisualStudioVersion = 10.0.40219.1
Project("{FAE04EC0-301F-11D3-BF4B-00C04F79EFBC}") = "SolidPrinciplesSample", "SolidPrinciplesSample\SolidPrinciplesSample.csproj", "{1505A1F7-9890-4D02-87BF-ADC892A23DC9}"
EndProject
Global
	GlobalSection(SolutionConfigurationPlatforms) = preSolution
		Debug|Any CPU = Debug|Any CPU
		Release|Any CPU = Release|Any CPU
	EndGlobalSection
	GlobalSection(ProjectConfigurationPlatforms) = postSolution
		{1505A1F7-9890-4D02-87BF-ADC892A23DC9}.Debug|Any CPU.ActiveCfg = Debug|Any CPU
		{1505A1F7-9890-4D02-87BF-ADC892A23DC9}.Debug|Any CPU.Build.0 = Debug|Any CPU
		{1505A1F7-9890-4D02-87BF-ADC892A23DC9}.Release|Any CPU.ActiveCfg = Release|Any CPU
		{1505A1F7-9890-4D02-87BF-ADC892A23DC9}.Release|Any CPU.Build.0 = Release|Any CPU
	EndGlobalSection
	GlobalSection(SolutionProperties) = preSolution
		HideSolutionNode = FALSE
	EndGlobalSection
	GlobalSection(ExtensibilityGlobals) = postSolution
		SolutionGuid = {B62801AA-A4A9-446B-AFC4-4B56DB587F49}
	EndGlobalSection
EndGlobal
